// !$*UTF8*$!
{
	archiveVersion = 1;
	classes = {
	};
	objectVersion = 46;
	objects = {

/* Begin PBXBuildFile section */
		585AD5DE15FC3F93002DF05D /* AppDelegate.m in Sources */ = {isa = PBXBuildFile; fileRef = 585AD5D215FC3F93002DF05D /* AppDelegate.m */; };
		585AD5DF15FC3F93002DF05D /* InfoPlist.strings in Resources */ = {isa = PBXBuildFile; fileRef = 585AD5D315FC3F93002DF05D /* InfoPlist.strings */; };
		585AD5E015FC3F93002DF05D /* ViewController.xib in Resources */ = {isa = PBXBuildFile; fileRef = 585AD5D515FC3F93002DF05D /* ViewController.xib */; };
		585AD5E115FC3F93002DF05D /* gameCenterButton.png in Resources */ = {isa = PBXBuildFile; fileRef = 585AD5D715FC3F93002DF05D /* gameCenterButton.png */; };
		585AD5E315FC3F93002DF05D /* Icon.png in Resources */ = {isa = PBXBuildFile; fileRef = 585AD5DA15FC3F93002DF05D /* Icon.png */; };
		585AD5E415FC3F93002DF05D /* main.m in Sources */ = {isa = PBXBuildFile; fileRef = 585AD5DB15FC3F93002DF05D /* main.m */; };
		585AD5E515FC3F93002DF05D /* ViewController.m in Sources */ = {isa = PBXBuildFile; fileRef = 585AD5DD15FC3F93002DF05D /* ViewController.m */; };
		585AD5E815FC3FA9002DF05D /* GCTurnBasedMatchHelper.m in Sources */ = {isa = PBXBuildFile; fileRef = 585AD5E715FC3FA9002DF05D /* GCTurnBasedMatchHelper.m */; };
		585AD5F215FC5092002DF05D /* Parse.framework in Frameworks */ = {isa = PBXBuildFile; fileRef = 585AD5F115FC5092002DF05D /* Parse.framework */; };
		585AD5F415FC51F1002DF05D /* CFNetwork.framework in Frameworks */ = {isa = PBXBuildFile; fileRef = 585AD5F315FC51F1002DF05D /* CFNetwork.framework */; };
		585AD5FA15FC5279002DF05D /* libsqlite3.dylib in Frameworks */ = {isa = PBXBuildFile; fileRef = 585AD5F915FC5279002DF05D /* libsqlite3.dylib */; };
		585AD5FC15FC5280002DF05D /* StoreKit.framework in Frameworks */ = {isa = PBXBuildFile; fileRef = 585AD5FB15FC5280002DF05D /* StoreKit.framework */; };
		585AD5FE15FC5291002DF05D /* QuartzCore.framework in Frameworks */ = {isa = PBXBuildFile; fileRef = 585AD5FD15FC5291002DF05D /* QuartzCore.framework */; };
		585AD60015FC529A002DF05D /* libz.1.1.3.dylib in Frameworks */ = {isa = PBXBuildFile; fileRef = 585AD5FF15FC529A002DF05D /* libz.1.1.3.dylib */; };
		585AD60215FC52A1002DF05D /* Security.framework in Frameworks */ = {isa = PBXBuildFile; fileRef = 585AD60115FC52A1002DF05D /* Security.framework */; };
		585AD60415FC52A7002DF05D /* AudioToolbox.framework in Frameworks */ = {isa = PBXBuildFile; fileRef = 585AD60315FC52A7002DF05D /* AudioToolbox.framework */; };
		585AD60615FC52AF002DF05D /* MobileCoreServices.framework in Frameworks */ = {isa = PBXBuildFile; fileRef = 585AD60515FC52AF002DF05D /* MobileCoreServices.framework */; };
		585AD60815FC52B7002DF05D /* SystemConfiguration.framework in Frameworks */ = {isa = PBXBuildFile; fileRef = 585AD60715FC52B7002DF05D /* SystemConfiguration.framework */; };
		F2150409143E19230024EDD8 /* UIKit.framework in Frameworks */ = {isa = PBXBuildFile; fileRef = F2150408143E19230024EDD8 /* UIKit.framework */; };
		F215040B143E19230024EDD8 /* Foundation.framework in Frameworks */ = {isa = PBXBuildFile; fileRef = F215040A143E19230024EDD8 /* Foundation.framework */; };
		F215040D143E19230024EDD8 /* CoreGraphics.framework in Frameworks */ = {isa = PBXBuildFile; fileRef = F215040C143E19230024EDD8 /* CoreGraphics.framework */; };
		F2150426143E19430024EDD8 /* GameKit.framework in Frameworks */ = {isa = PBXBuildFile; fileRef = F2150425143E19430024EDD8 /* GameKit.framework */; };
/* End PBXBuildFile section */

/* Begin PBXFileReference section */
		585AD5D115FC3F93002DF05D /* AppDelegate.h */ = {isa = PBXFileReference; fileEncoding = 4; lastKnownFileType = sourcecode.c.h; path = AppDelegate.h; sourceTree = "<group>"; };
		585AD5D215FC3F93002DF05D /* AppDelegate.m */ = {isa = PBXFileReference; fileEncoding = 4; lastKnownFileType = sourcecode.c.objc; path = AppDelegate.m; sourceTree = "<group>"; };
		585AD5D415FC3F93002DF05D /* en */ = {isa = PBXFileReference; lastKnownFileType = text.plist.strings; name = en; path = en.lproj/InfoPlist.strings; sourceTree = "<group>"; };
		585AD5D615FC3F93002DF05D /* en */ = {isa = PBXFileReference; lastKnownFileType = file.xib; name = en; path = en.lproj/ViewController.xib; sourceTree = "<group>"; };
		585AD5D715FC3F93002DF05D /* gameCenterButton.png */ = {isa = PBXFileReference; lastKnownFileType = image.png; path = gameCenterButton.png; sourceTree = "<group>"; };
		585AD5D815FC3F93002DF05D /* TurnBased-Info.plist */ = {isa = PBXFileReference; fileEncoding = 4; lastKnownFileType = text.plist.xml; path = "TurnBased-Info.plist"; sourceTree = "<group>"; };
		585AD5D915FC3F93002DF05D /* TurnBased-Prefix.pch */ = {isa = PBXFileReference; fileEncoding = 4; lastKnownFileType = sourcecode.c.h; path = "TurnBased-Prefix.pch"; sourceTree = "<group>"; };
		585AD5DA15FC3F93002DF05D /* Icon.png */ = {isa = PBXFileReference; lastKnownFileType = image.png; path = Icon.png; sourceTree = "<group>"; };
		585AD5DB15FC3F93002DF05D /* main.m */ = {isa = PBXFileReference; fileEncoding = 4; lastKnownFileType = sourcecode.c.objc; path = main.m; sourceTree = "<group>"; };
		585AD5DC15FC3F93002DF05D /* ViewController.h */ = {isa = PBXFileReference; fileEncoding = 4; lastKnownFileType = sourcecode.c.h; path = ViewController.h; sourceTree = "<group>"; };
		585AD5DD15FC3F93002DF05D /* ViewController.m */ = {isa = PBXFileReference; fileEncoding = 4; lastKnownFileType = sourcecode.c.objc; path = ViewController.m; sourceTree = "<group>"; };
		585AD5E615FC3FA9002DF05D /* GCTurnBasedMatchHelper.h */ = {isa = PBXFileReference; fileEncoding = 4; lastKnownFileType = sourcecode.c.h; path = GCTurnBasedMatchHelper.h; sourceTree = SOURCE_ROOT; };
		585AD5E715FC3FA9002DF05D /* GCTurnBasedMatchHelper.m */ = {isa = PBXFileReference; fileEncoding = 4; lastKnownFileType = sourcecode.c.objc; path = GCTurnBasedMatchHelper.m; sourceTree = SOURCE_ROOT; };
		585AD5F115FC5092002DF05D /* Parse.framework */ = {isa = PBXFileReference; lastKnownFileType = wrapper.framework; path = Parse.framework; sourceTree = "<group>"; };
		585AD5F315FC51F1002DF05D /* CFNetwork.framework */ = {isa = PBXFileReference; lastKnownFileType = wrapper.framework; name = CFNetwork.framework; path = System/Library/Frameworks/CFNetwork.framework; sourceTree = SDKROOT; };
		585AD5F915FC5279002DF05D /* libsqlite3.dylib */ = {isa = PBXFileReference; lastKnownFileType = "compiled.mach-o.dylib"; name = libsqlite3.dylib; path = usr/lib/libsqlite3.dylib; sourceTree = SDKROOT; };
		585AD5FB15FC5280002DF05D /* StoreKit.framework */ = {isa = PBXFileReference; lastKnownFileType = wrapper.framework; name = StoreKit.framework; path = System/Library/Frameworks/StoreKit.framework; sourceTree = SDKROOT; };
		585AD5FD15FC5291002DF05D /* QuartzCore.framework */ = {isa = PBXFileReference; lastKnownFileType = wrapper.framework; name = QuartzCore.framework; path = System/Library/Frameworks/QuartzCore.framework; sourceTree = SDKROOT; };
		585AD5FF15FC529A002DF05D /* libz.1.1.3.dylib */ = {isa = PBXFileReference; lastKnownFileType = "compiled.mach-o.dylib"; name = libz.1.1.3.dylib; path = usr/lib/libz.1.1.3.dylib; sourceTree = SDKROOT; };
		585AD60115FC52A1002DF05D /* Security.framework */ = {isa = PBXFileReference; lastKnownFileType = wrapper.framework; name = Security.framework; path = System/Library/Frameworks/Security.framework; sourceTree = SDKROOT; };
		585AD60315FC52A7002DF05D /* AudioToolbox.framework */ = {isa = PBXFileReference; lastKnownFileType = wrapper.framework; name = AudioToolbox.framework; path = System/Library/Frameworks/AudioToolbox.framework; sourceTree = SDKROOT; };
		585AD60515FC52AF002DF05D /* MobileCoreServices.framework */ = {isa = PBXFileReference; lastKnownFileType = wrapper.framework; name = MobileCoreServices.framework; path = System/Library/Frameworks/MobileCoreServices.framework; sourceTree = SDKROOT; };
		585AD60715FC52B7002DF05D /* SystemConfiguration.framework */ = {isa = PBXFileReference; lastKnownFileType = wrapper.framework; name = SystemConfiguration.framework; path = System/Library/Frameworks/SystemConfiguration.framework; sourceTree = SDKROOT; };
		F2150404143E19230024EDD8 /* TurnBased.app */ = {isa = PBXFileReference; explicitFileType = wrapper.application; includeInIndex = 0; path = TurnBased.app; sourceTree = BUILT_PRODUCTS_DIR; };
		F2150408143E19230024EDD8 /* UIKit.framework */ = {isa = PBXFileReference; lastKnownFileType = wrapper.framework; name = UIKit.framework; path = System/Library/Frameworks/UIKit.framework; sourceTree = SDKROOT; };
		F215040A143E19230024EDD8 /* Foundation.framework */ = {isa = PBXFileReference; lastKnownFileType = wrapper.framework; name = Foundation.framework; path = System/Library/Frameworks/Foundation.framework; sourceTree = SDKROOT; };
		F215040C143E19230024EDD8 /* CoreGraphics.framework */ = {isa = PBXFileReference; lastKnownFileType = wrapper.framework; name = CoreGraphics.framework; path = System/Library/Frameworks/CoreGraphics.framework; sourceTree = SDKROOT; };
		F2150425143E19430024EDD8 /* GameKit.framework */ = {isa = PBXFileReference; lastKnownFileType = wrapper.framework; name = GameKit.framework; path = System/Library/Frameworks/GameKit.framework; sourceTree = SDKROOT; };
/* End PBXFileReference section */

/* Begin PBXFrameworksBuildPhase section */
		F2150401143E19230024EDD8 /* Frameworks */ = {
			isa = PBXFrameworksBuildPhase;
			buildActionMask = 2147483647;
			files = (
				585AD60815FC52B7002DF05D /* SystemConfiguration.framework in Frameworks */,
				585AD60615FC52AF002DF05D /* MobileCoreServices.framework in Frameworks */,
				585AD60415FC52A7002DF05D /* AudioToolbox.framework in Frameworks */,
				585AD60215FC52A1002DF05D /* Security.framework in Frameworks */,
				585AD60015FC529A002DF05D /* libz.1.1.3.dylib in Frameworks */,
				585AD5FE15FC5291002DF05D /* QuartzCore.framework in Frameworks */,
				F215040D143E19230024EDD8 /* CoreGraphics.framework in Frameworks */,
				585AD5FC15FC5280002DF05D /* StoreKit.framework in Frameworks */,
				585AD5FA15FC5279002DF05D /* libsqlite3.dylib in Frameworks */,
				585AD5F415FC51F1002DF05D /* CFNetwork.framework in Frameworks */,
				585AD5F215FC5092002DF05D /* Parse.framework in Frameworks */,
				F2150426143E19430024EDD8 /* GameKit.framework in Frameworks */,
				F2150409143E19230024EDD8 /* UIKit.framework in Frameworks */,
				F215040B143E19230024EDD8 /* Foundation.framework in Frameworks */,
			);
			runOnlyForDeploymentPostprocessing = 0;
		};
/* End PBXFrameworksBuildPhase section */

/* Begin PBXGroup section */
		585AD5D015FC3F93002DF05D /* sources */ = {
			isa = PBXGroup;
			children = (
				585AD5E615FC3FA9002DF05D /* GCTurnBasedMatchHelper.h */,
				585AD5E715FC3FA9002DF05D /* GCTurnBasedMatchHelper.m */,
				585AD5D115FC3F93002DF05D /* AppDelegate.h */,
				585AD5D215FC3F93002DF05D /* AppDelegate.m */,
				585AD5D315FC3F93002DF05D /* InfoPlist.strings */,
				585AD5D515FC3F93002DF05D /* ViewController.xib */,
				585AD5D715FC3F93002DF05D /* gameCenterButton.png */,
				585AD5D815FC3F93002DF05D /* TurnBased-Info.plist */,
				585AD5D915FC3F93002DF05D /* TurnBased-Prefix.pch */,
				585AD5DA15FC3F93002DF05D /* Icon.png */,
				585AD5DB15FC3F93002DF05D /* main.m */,
				585AD5DC15FC3F93002DF05D /* ViewController.h */,
				585AD5DD15FC3F93002DF05D /* ViewController.m */,
			);
			path = sources;
			sourceTree = "<group>";
		};
		F21503F9143E19220024EDD8 = {
			isa = PBXGroup;
			children = (
				585AD5D015FC3F93002DF05D /* sources */,
				F2150407143E19230024EDD8 /* Frameworks */,
				F2150405143E19230024EDD8 /* Products */,
			);
			sourceTree = "<group>";
		};
		F2150405143E19230024EDD8 /* Products */ = {
			isa = PBXGroup;
			children = (
				F2150404143E19230024EDD8 /* TurnBased.app */,
			);
			name = Products;
			sourceTree = "<group>";
		};
		F2150407143E19230024EDD8 /* Frameworks */ = {
			isa = PBXGroup;
			children = (
				585AD60715FC52B7002DF05D /* SystemConfiguration.framework */,
				585AD60515FC52AF002DF05D /* MobileCoreServices.framework */,
				585AD60315FC52A7002DF05D /* AudioToolbox.framework */,
				585AD60115FC52A1002DF05D /* Security.framework */,
				585AD5FF15FC529A002DF05D /* libz.1.1.3.dylib */,
				585AD5FD15FC5291002DF05D /* QuartzCore.framework */,
				585AD5FB15FC5280002DF05D /* StoreKit.framework */,
				585AD5F915FC5279002DF05D /* libsqlite3.dylib */,
				585AD5F315FC51F1002DF05D /* CFNetwork.framework */,
				585AD5F115FC5092002DF05D /* Parse.framework */,
				F2150425143E19430024EDD8 /* GameKit.framework */,
				F2150408143E19230024EDD8 /* UIKit.framework */,
				F215040A143E19230024EDD8 /* Foundation.framework */,
				F215040C143E19230024EDD8 /* CoreGraphics.framework */,
			);
			name = Frameworks;
			sourceTree = "<group>";
		};
/* End PBXGroup section */

/* Begin PBXNativeTarget section */
		F2150403143E19230024EDD8 /* TurnBased */ = {
			isa = PBXNativeTarget;
			buildConfigurationList = F2150422143E19230024EDD8 /* Build configuration list for PBXNativeTarget "TurnBased" */;
			buildPhases = (
				F2150400143E19230024EDD8 /* Sources */,
				F2150401143E19230024EDD8 /* Frameworks */,
				F2150402143E19230024EDD8 /* Resources */,
			);
			buildRules = (
			);
			dependencies = (
			);
			name = TurnBased;
			productName = passalongtale;
			productReference = F2150404143E19230024EDD8 /* TurnBased.app */;
			productType = "com.apple.product-type.application";
		};
/* End PBXNativeTarget section */

/* Begin PBXProject section */
		F21503FB143E19220024EDD8 /* Project object */ = {
			isa = PBXProject;
			attributes = {
				LastUpgradeCheck = 0420;
			};
			buildConfigurationList = F21503FE143E19220024EDD8 /* Build configuration list for PBXProject "TurnBased" */;
			compatibilityVersion = "Xcode 3.2";
			developmentRegion = English;
			hasScannedForEncodings = 0;
			knownRegions = (
				en,
			);
			mainGroup = F21503F9143E19220024EDD8;
			productRefGroup = F2150405143E19230024EDD8 /* Products */;
			projectDirPath = "";
			projectRoot = "";
			targets = (
				F2150403143E19230024EDD8 /* TurnBased */,
			);
		};
/* End PBXProject section */

/* Begin PBXResourcesBuildPhase section */
		F2150402143E19230024EDD8 /* Resources */ = {
			isa = PBXResourcesBuildPhase;
			buildActionMask = 2147483647;
			files = (
				585AD5DF15FC3F93002DF05D /* InfoPlist.strings in Resources */,
				585AD5E015FC3F93002DF05D /* ViewController.xib in Resources */,
				585AD5E115FC3F93002DF05D /* gameCenterButton.png in Resources */,
				585AD5E315FC3F93002DF05D /* Icon.png in Resources */,
			);
			runOnlyForDeploymentPostprocessing = 0;
		};
/* End PBXResourcesBuildPhase section */

/* Begin PBXSourcesBuildPhase section */
		F2150400143E19230024EDD8 /* Sources */ = {
			isa = PBXSourcesBuildPhase;
			buildActionMask = 2147483647;
			files = (
				585AD5DE15FC3F93002DF05D /* AppDelegate.m in Sources */,
				585AD5E415FC3F93002DF05D /* main.m in Sources */,
				585AD5E515FC3F93002DF05D /* ViewController.m in Sources */,
				585AD5E815FC3FA9002DF05D /* GCTurnBasedMatchHelper.m in Sources */,
			);
			runOnlyForDeploymentPostprocessing = 0;
		};
/* End PBXSourcesBuildPhase section */

/* Begin PBXVariantGroup section */
		585AD5D315FC3F93002DF05D /* InfoPlist.strings */ = {
			isa = PBXVariantGroup;
			children = (
				585AD5D415FC3F93002DF05D /* en */,
			);
			name = InfoPlist.strings;
			sourceTree = "<group>";
		};
		585AD5D515FC3F93002DF05D /* ViewController.xib */ = {
			isa = PBXVariantGroup;
			children = (
				585AD5D615FC3F93002DF05D /* en */,
			);
			name = ViewController.xib;
			sourceTree = "<group>";
		};
/* End PBXVariantGroup section */

/* Begin XCBuildConfiguration section */
		F2150420143E19230024EDD8 /* Debug */ = {
			isa = XCBuildConfiguration;
			buildSettings = {
				ALWAYS_SEARCH_USER_PATHS = NO;
				ARCHS = "$(ARCHS_STANDARD_32_BIT)";
				"CODE_SIGN_IDENTITY[sdk=iphoneos*]" = "iPhone Developer";
				COPY_PHASE_STRIP = NO;
				GCC_C_LANGUAGE_STANDARD = gnu99;
				GCC_DYNAMIC_NO_PIC = NO;
				GCC_OPTIMIZATION_LEVEL = 0;
				GCC_PREPROCESSOR_DEFINITIONS = (
					"DEBUG=1",
					"$(inherited)",
				);
				GCC_SYMBOLS_PRIVATE_EXTERN = NO;
				GCC_VERSION = com.apple.compilers.llvm.clang.1_0;
				GCC_WARN_ABOUT_MISSING_PROTOTYPES = YES;
				GCC_WARN_ABOUT_RETURN_TYPE = YES;
				GCC_WARN_UNUSED_VARIABLE = YES;
				IPHONEOS_DEPLOYMENT_TARGET = 5.0;
				SDKROOT = iphoneos;
			};
			name = Debug;
		};
		F2150421143E19230024EDD8 /* Release */ = {
			isa = XCBuildConfiguration;
			buildSettings = {
				ALWAYS_SEARCH_USER_PATHS = NO;
				ARCHS = "$(ARCHS_STANDARD_32_BIT)";
				"CODE_SIGN_IDENTITY[sdk=iphoneos*]" = "iPhone Developer";
				COPY_PHASE_STRIP = YES;
				GCC_C_LANGUAGE_STANDARD = gnu99;
				GCC_VERSION = com.apple.compilers.llvm.clang.1_0;
				GCC_WARN_ABOUT_MISSING_PROTOTYPES = YES;
				GCC_WARN_ABOUT_RETURN_TYPE = YES;
				GCC_WARN_UNUSED_VARIABLE = YES;
				IPHONEOS_DEPLOYMENT_TARGET = 5.0;
				OTHER_CFLAGS = "-DNS_BLOCK_ASSERTIONS=1";
				SDKROOT = iphoneos;
				VALIDATE_PRODUCT = YES;
			};
			name = Release;
		};
		F2150423143E19230024EDD8 /* Debug */ = {
			isa = XCBuildConfiguration;
			buildSettings = {
				FRAMEWORK_SEARCH_PATHS = (
					"$(inherited)",
					"\"$(SRCROOT)\"",
				);
				GCC_PRECOMPILE_PREFIX_HEADER = YES;
				GCC_PREFIX_HEADER = "sources/TurnBased-Prefix.pch";
				INFOPLIST_FILE = "sources/TurnBased-Info.plist";
				PRODUCT_NAME = TurnBased;
				WRAPPER_EXTENSION = app;
			};
			name = Debug;
		};
		F2150424143E19230024EDD8 /* Release */ = {
			isa = XCBuildConfiguration;
			buildSettings = {
				FRAMEWORK_SEARCH_PATHS = (
					"$(inherited)",
					"\"$(SRCROOT)\"",
				);
				GCC_PRECOMPILE_PREFIX_HEADER = YES;
				GCC_PREFIX_HEADER = "sources/TurnBased-Prefix.pch";
				INFOPLIST_FILE = "sources/TurnBased-Info.plist";
				PRODUCT_NAME = TurnBased;
				WRAPPER_EXTENSION = app;
			};
			name = Release;
		};
/* End XCBuildConfiguration section */

/* Begin XCConfigurationList section */
		F21503FE143E19220024EDD8 /* Build configuration list for PBXProject "TurnBased" */ = {
			isa = XCConfigurationList;
			buildConfigurations = (
				F2150420143E19230024EDD8 /* Debug */,
				F2150421143E19230024EDD8 /* Release */,
			);
			defaultConfigurationIsVisible = 0;
			defaultConfigurationName = Release;
		};
		F2150422143E19230024EDD8 /* Build configuration list for PBXNativeTarget "TurnBased" */ = {
			isa = XCConfigurationList;
			buildConfigurations = (
				F2150423143E19230024EDD8 /* Debug */,
				F2150424143E19230024EDD8 /* Release */,
			);
			defaultConfigurationIsVisible = 0;
			defaultConfigurationName = Release;
		};
/* End XCConfigurationList section */
	};
	rootObject = F21503FB143E19220024EDD8 /* Project object */;
}
